PODS:
  - AmazonIVSBroadcast/Stages (1.32.1)
  - AmazonIVSChat (1.0.1):
    - AmazonIVSChat/Messaging (= 1.0.1)
  - AmazonIVSChat/Messaging (1.0.1)

DEPENDENCIES:
  - AmazonIVSBroadcast/Stages (~> 1.32.1)
  - AmazonIVSChat (~> 1.0.1)

SPEC REPOS:
  trunk:
    - AmazonIVSBroadcast
    - AmazonIVSChat

SPEC CHECKSUMS:
  AmazonIVSBroadcast: 117279d6f056b8d316d5bafb61569315dd6ded53
  AmazonIVSChat: 874f0a77644117c9be1f6a09170ac72e9cbfdaca

PODFILE CHECKSUM: d535d9146c929472eb2bb052b7de1315b8a9538c

COCOAPODS: 1.16.2
