PODS:
  - AmazonIVSBroadcast/Stages (1.35.0)
  - AmazonIVSChat (1.0.1):
    - AmazonIVSChat/Messaging (= 1.0.1)
  - AmazonIVSChat/Messaging (1.0.1)

DEPENDENCIES:
  - AmazonIVSBroadcast/Stages (~> 1.35.0)
  - AmazonIVSChat (~> 1.0.1)

SPEC REPOS:
  trunk:
    - AmazonIVSBroadcast
    - AmazonIVSChat

SPEC CHECKSUMS:
  AmazonIVSBroadcast: 8bd41304fe0ab391d9ce175912dfc98cfc5bdfac
  AmazonIVSChat: 874f0a77644117c9be1f6a09170ac72e9cbfdaca

PODFILE CHECKSUM: 14097c7b70c2f2a3ccb62ca60f516edb8f0fee60

COCOAPODS: 1.16.2
