PODS:
  - AmazonIVSBroadcast/Stages (1.28.1)
  - AmazonIVSChat (1.0.0):
    - AmazonIVSChat/Messaging (= 1.0.0)
  - AmazonIVSChat/Messaging (1.0.0)

DEPENDENCIES:
  - AmazonIVSBroadcast/Stages (~> 1.28.1)
  - AmazonIVSChat (~> 1.0.0)

SPEC REPOS:
  trunk:
    - AmazonIVSBroadcast
    - AmazonIVSChat

SPEC CHECKSUMS:
  AmazonIVSBroadcast: 7bb8bbc080cb78088aba900eaecc2b37feb7d39d
  AmazonIVSChat: 62d4e654c4b16b7e62d43048a0e548efd145f183

PODFILE CHECKSUM: a19006831ff0aa77ca229d76de9eeee450cdb710

COCOAPODS: 1.16.2
